
Microsoft Visual Studio Solution File, Format Version 12.00
# Visual Studio 14
VisualStudioVersion = 14.0.24720.0
MinimumVisualStudioVersion = 10.0.40219.1
Project("{FAE04EC0-301F-11D3-BF4B-00C04F79EFBC}") = "UniversalWindows", "UniversalWindows\UniversalWindows.csproj", "{803EF2A7-74F0-44BA-82D1-A71A47E38CAC}"
EndProject
Project("{FAE04EC0-301F-11D3-BF4B-00C04F79EFBC}") = "Net20", "Net20\Net20.csproj", "{A445690C-56B9-4B3B-AD48-FDD613B2E90F}"
EndProject
Project("{FAE04EC0-301F-11D3-BF4B-00C04F79EFBC}") = "Net45", "Net45\Net45.csproj", "{D5DDBBEA-E592-43F0-92E8-DF6F7F4CE99A}"
EndProject
Project("{FAE04EC0-301F-11D3-BF4B-00C04F79EFBC}") = "Android", "Android\Android.csproj", "{BC6BBD1B-AB2F-4CD9-9D73-F711B22C5E5B}"
EndProject
Project("{FAE04EC0-301F-11D3-BF4B-00C04F79EFBC}") = "iOS", "iOS\iOS.csproj", "{E4D6627C-7933-41D5-AAD9-1C73F51C26B4}"
EndProject
Project("{FAE04EC0-301F-11D3-BF4B-00C04F79EFBC}") = "Silverlight", "Silverlight\Silverlight.csproj", "{2ACEE606-1471-461A-9EFB-B734F3E62BB9}"
EndProject
Project("{FAE04EC0-301F-11D3-BF4B-00C04F79EFBC}") = "WinPhone80Silverlight", "WinPhone80Silverlight\WinPhone80Silverlight.csproj", "{A34BC58D-C5DF-4C37-A680-1B54190BD4B0}"
EndProject
Project("{FAE04EC0-301F-11D3-BF4B-00C04F79EFBC}") = "WinPhone81Silverlight", "WinPhone81Silverlight\WinPhone81Silverlight.csproj", "{5A797EA0-5F72-4F15-A01A-3508CAF74F80}"
EndProject
Project("{FAE04EC0-301F-11D3-BF4B-00C04F79EFBC}") = "WinPhone81", "WinPhone81\WinPhone81.csproj", "{CCA69EEC-779C-4AAC-BFCB-517DB206F5AD}"
EndProject
Project("{FAE04EC0-301F-11D3-BF4B-00C04F79EFBC}") = "Win81", "Win81\Win81.csproj", "{B3E8EFF0-F433-4D9B-A3FC-AA1B50923A42}"
EndProject
Project("{FAE04EC0-301F-11D3-BF4B-00C04F79EFBC}") = "Portable", "Portable\Portable.csproj", "{93D21662-E837-423F-8C85-D2A08748822F}"
EndProject
Project("{8BB2217D-0F2D-49D1-97BC-3654ED321F3B}") = "NetCore", "NetCore\NetCore.xproj", "{80280409-EDA6-46C9-AE70-2DDEEF45626B}"
EndProject
Global
	GlobalSection(SolutionConfigurationPlatforms) = preSolution
		Debug|Any CPU = Debug|Any CPU
		Debug|ARM = Debug|ARM
		Debug|x64 = Debug|x64
		Debug|x86 = Debug|x86
		Release|Any CPU = Release|Any CPU
		Release|ARM = Release|ARM
		Release|x64 = Release|x64
		Release|x86 = Release|x86
	EndGlobalSection
	GlobalSection(ProjectConfigurationPlatforms) = postSolution
		{803EF2A7-74F0-44BA-82D1-A71A47E38CAC}.Debug|Any CPU.ActiveCfg = Debug|Any CPU
		{803EF2A7-74F0-44BA-82D1-A71A47E38CAC}.Debug|Any CPU.Build.0 = Debug|Any CPU
		{803EF2A7-74F0-44BA-82D1-A71A47E38CAC}.Debug|ARM.ActiveCfg = Debug|ARM
		{803EF2A7-74F0-44BA-82D1-A71A47E38CAC}.Debug|ARM.Build.0 = Debug|ARM
		{803EF2A7-74F0-44BA-82D1-A71A47E38CAC}.Debug|x64.ActiveCfg = Debug|x64
		{803EF2A7-74F0-44BA-82D1-A71A47E38CAC}.Debug|x64.Build.0 = Debug|x64
		{803EF2A7-74F0-44BA-82D1-A71A47E38CAC}.Debug|x86.ActiveCfg = Debug|x86
		{803EF2A7-74F0-44BA-82D1-A71A47E38CAC}.Debug|x86.Build.0 = Debug|x86
		{803EF2A7-74F0-44BA-82D1-A71A47E38CAC}.Release|Any CPU.ActiveCfg = Release|Any CPU
		{803EF2A7-74F0-44BA-82D1-A71A47E38CAC}.Release|Any CPU.Build.0 = Release|Any CPU
		{803EF2A7-74F0-44BA-82D1-A71A47E38CAC}.Release|ARM.ActiveCfg = Release|ARM
		{803EF2A7-74F0-44BA-82D1-A71A47E38CAC}.Release|ARM.Build.0 = Release|ARM
		{803EF2A7-74F0-44BA-82D1-A71A47E38CAC}.Release|x64.ActiveCfg = Release|x64
		{803EF2A7-74F0-44BA-82D1-A71A47E38CAC}.Release|x64.Build.0 = Release|x64
		{803EF2A7-74F0-44BA-82D1-A71A47E38CAC}.Release|x86.ActiveCfg = Release|x86
		{803EF2A7-74F0-44BA-82D1-A71A47E38CAC}.Release|x86.Build.0 = Release|x86
		{A445690C-56B9-4B3B-AD48-FDD613B2E90F}.Debug|Any CPU.ActiveCfg = Debug|Any CPU
		{A445690C-56B9-4B3B-AD48-FDD613B2E90F}.Debug|Any CPU.Build.0 = Debug|Any CPU
		{A445690C-56B9-4B3B-AD48-FDD613B2E90F}.Debug|ARM.ActiveCfg = Debug|Any CPU
		{A445690C-56B9-4B3B-AD48-FDD613B2E90F}.Debug|ARM.Build.0 = Debug|Any CPU
		{A445690C-56B9-4B3B-AD48-FDD613B2E90F}.Debug|x64.ActiveCfg = Debug|Any CPU
		{A445690C-56B9-4B3B-AD48-FDD613B2E90F}.Debug|x64.Build.0 = Debug|Any CPU
		{A445690C-56B9-4B3B-AD48-FDD613B2E90F}.Debug|x86.ActiveCfg = Debug|Any CPU
		{A445690C-56B9-4B3B-AD48-FDD613B2E90F}.Debug|x86.Build.0 = Debug|Any CPU
		{A445690C-56B9-4B3B-AD48-FDD613B2E90F}.Release|Any CPU.ActiveCfg = Release|Any CPU
		{A445690C-56B9-4B3B-AD48-FDD613B2E90F}.Release|Any CPU.Build.0 = Release|Any CPU
		{A445690C-56B9-4B3B-AD48-FDD613B2E90F}.Release|ARM.ActiveCfg = Release|Any CPU
		{A445690C-56B9-4B3B-AD48-FDD613B2E90F}.Release|ARM.Build.0 = Release|Any CPU
		{A445690C-56B9-4B3B-AD48-FDD613B2E90F}.Release|x64.ActiveCfg = Release|Any CPU
		{A445690C-56B9-4B3B-AD48-FDD613B2E90F}.Release|x64.Build.0 = Release|Any CPU
		{A445690C-56B9-4B3B-AD48-FDD613B2E90F}.Release|x86.ActiveCfg = Release|Any CPU
		{A445690C-56B9-4B3B-AD48-FDD613B2E90F}.Release|x86.Build.0 = Release|Any CPU
		{D5DDBBEA-E592-43F0-92E8-DF6F7F4CE99A}.Debug|Any CPU.ActiveCfg = Debug|Any CPU
		{D5DDBBEA-E592-43F0-92E8-DF6F7F4CE99A}.Debug|Any CPU.Build.0 = Debug|Any CPU
		{D5DDBBEA-E592-43F0-92E8-DF6F7F4CE99A}.Debug|ARM.ActiveCfg = Debug|Any CPU
		{D5DDBBEA-E592-43F0-92E8-DF6F7F4CE99A}.Debug|ARM.Build.0 = Debug|Any CPU
		{D5DDBBEA-E592-43F0-92E8-DF6F7F4CE99A}.Debug|x64.ActiveCfg = Debug|Any CPU
		{D5DDBBEA-E592-43F0-92E8-DF6F7F4CE99A}.Debug|x64.Build.0 = Debug|Any CPU
		{D5DDBBEA-E592-43F0-92E8-DF6F7F4CE99A}.Debug|x86.ActiveCfg = Debug|Any CPU
		{D5DDBBEA-E592-43F0-92E8-DF6F7F4CE99A}.Debug|x86.Build.0 = Debug|Any CPU
		{D5DDBBEA-E592-43F0-92E8-DF6F7F4CE99A}.Release|Any CPU.ActiveCfg = Release|Any CPU
		{D5DDBBEA-E592-43F0-92E8-DF6F7F4CE99A}.Release|Any CPU.Build.0 = Release|Any CPU
		{D5DDBBEA-E592-43F0-92E8-DF6F7F4CE99A}.Release|ARM.ActiveCfg = Release|Any CPU
		{D5DDBBEA-E592-43F0-92E8-DF6F7F4CE99A}.Release|ARM.Build.0 = Release|Any CPU
		{D5DDBBEA-E592-43F0-92E8-DF6F7F4CE99A}.Release|x64.ActiveCfg = Release|Any CPU
		{D5DDBBEA-E592-43F0-92E8-DF6F7F4CE99A}.Release|x64.Build.0 = Release|Any CPU
		{D5DDBBEA-E592-43F0-92E8-DF6F7F4CE99A}.Release|x86.ActiveCfg = Release|Any CPU
		{D5DDBBEA-E592-43F0-92E8-DF6F7F4CE99A}.Release|x86.Build.0 = Release|Any CPU
		{BC6BBD1B-AB2F-4CD9-9D73-F711B22C5E5B}.Debug|Any CPU.ActiveCfg = Debug|Any CPU
		{BC6BBD1B-AB2F-4CD9-9D73-F711B22C5E5B}.Debug|Any CPU.Build.0 = Debug|Any CPU
		{BC6BBD1B-AB2F-4CD9-9D73-F711B22C5E5B}.Debug|ARM.ActiveCfg = Debug|Any CPU
		{BC6BBD1B-AB2F-4CD9-9D73-F711B22C5E5B}.Debug|ARM.Build.0 = Debug|Any CPU
		{BC6BBD1B-AB2F-4CD9-9D73-F711B22C5E5B}.Debug|x64.ActiveCfg = Debug|Any CPU
		{BC6BBD1B-AB2F-4CD9-9D73-F711B22C5E5B}.Debug|x64.Build.0 = Debug|Any CPU
		{BC6BBD1B-AB2F-4CD9-9D73-F711B22C5E5B}.Debug|x86.ActiveCfg = Debug|Any CPU
		{BC6BBD1B-AB2F-4CD9-9D73-F711B22C5E5B}.Debug|x86.Build.0 = Debug|Any CPU
		{BC6BBD1B-AB2F-4CD9-9D73-F711B22C5E5B}.Release|Any CPU.ActiveCfg = Release|Any CPU
		{BC6BBD1B-AB2F-4CD9-9D73-F711B22C5E5B}.Release|Any CPU.Build.0 = Release|Any CPU
		{BC6BBD1B-AB2F-4CD9-9D73-F711B22C5E5B}.Release|ARM.ActiveCfg = Release|Any CPU
		{BC6BBD1B-AB2F-4CD9-9D73-F711B22C5E5B}.Release|ARM.Build.0 = Release|Any CPU
		{BC6BBD1B-AB2F-4CD9-9D73-F711B22C5E5B}.Release|x64.ActiveCfg = Release|Any CPU
		{BC6BBD1B-AB2F-4CD9-9D73-F711B22C5E5B}.Release|x64.Build.0 = Release|Any CPU
		{BC6BBD1B-AB2F-4CD9-9D73-F711B22C5E5B}.Release|x86.ActiveCfg = Release|Any CPU
		{BC6BBD1B-AB2F-4CD9-9D73-F711B22C5E5B}.Release|x86.Build.0 = Release|Any CPU
		{E4D6627C-7933-41D5-AAD9-1C73F51C26B4}.Debug|Any CPU.ActiveCfg = Debug|Any CPU
		{E4D6627C-7933-41D5-AAD9-1C73F51C26B4}.Debug|Any CPU.Build.0 = Debug|Any CPU
		{E4D6627C-7933-41D5-AAD9-1C73F51C26B4}.Debug|ARM.ActiveCfg = Debug|Any CPU
		{E4D6627C-7933-41D5-AAD9-1C73F51C26B4}.Debug|ARM.Build.0 = Debug|Any CPU
		{E4D6627C-7933-41D5-AAD9-1C73F51C26B4}.Debug|x64.ActiveCfg = Debug|Any CPU
		{E4D6627C-7933-41D5-AAD9-1C73F51C26B4}.Debug|x64.Build.0 = Debug|Any CPU
		{E4D6627C-7933-41D5-AAD9-1C73F51C26B4}.Debug|x86.ActiveCfg = Debug|Any CPU
		{E4D6627C-7933-41D5-AAD9-1C73F51C26B4}.Debug|x86.Build.0 = Debug|Any CPU
		{E4D6627C-7933-41D5-AAD9-1C73F51C26B4}.Release|Any CPU.ActiveCfg = Release|Any CPU
		{E4D6627C-7933-41D5-AAD9-1C73F51C26B4}.Release|Any CPU.Build.0 = Release|Any CPU
		{E4D6627C-7933-41D5-AAD9-1C73F51C26B4}.Release|ARM.ActiveCfg = Release|Any CPU
		{E4D6627C-7933-41D5-AAD9-1C73F51C26B4}.Release|ARM.Build.0 = Release|Any CPU
		{E4D6627C-7933-41D5-AAD9-1C73F51C26B4}.Release|x64.ActiveCfg = Release|Any CPU
		{E4D6627C-7933-41D5-AAD9-1C73F51C26B4}.Release|x64.Build.0 = Release|Any CPU
		{E4D6627C-7933-41D5-AAD9-1C73F51C26B4}.Release|x86.ActiveCfg = Release|Any CPU
		{E4D6627C-7933-41D5-AAD9-1C73F51C26B4}.Release|x86.Build.0 = Release|Any CPU
		{2ACEE606-1471-461A-9EFB-B734F3E62BB9}.Debug|Any CPU.ActiveCfg = Debug|Any CPU
		{2ACEE606-1471-461A-9EFB-B734F3E62BB9}.Debug|Any CPU.Build.0 = Debug|Any CPU
		{2ACEE606-1471-461A-9EFB-B734F3E62BB9}.Debug|ARM.ActiveCfg = Debug|Any CPU
		{2ACEE606-1471-461A-9EFB-B734F3E62BB9}.Debug|ARM.Build.0 = Debug|Any CPU
		{2ACEE606-1471-461A-9EFB-B734F3E62BB9}.Debug|x64.ActiveCfg = Debug|Any CPU
		{2ACEE606-1471-461A-9EFB-B734F3E62BB9}.Debug|x64.Build.0 = Debug|Any CPU
		{2ACEE606-1471-461A-9EFB-B734F3E62BB9}.Debug|x86.ActiveCfg = Debug|Any CPU
		{2ACEE606-1471-461A-9EFB-B734F3E62BB9}.Debug|x86.Build.0 = Debug|Any CPU
		{2ACEE606-1471-461A-9EFB-B734F3E62BB9}.Release|Any CPU.ActiveCfg = Release|Any CPU
		{2ACEE606-1471-461A-9EFB-B734F3E62BB9}.Release|Any CPU.Build.0 = Release|Any CPU
		{2ACEE606-1471-461A-9EFB-B734F3E62BB9}.Release|ARM.ActiveCfg = Release|Any CPU
		{2ACEE606-1471-461A-9EFB-B734F3E62BB9}.Release|ARM.Build.0 = Release|Any CPU
		{2ACEE606-1471-461A-9EFB-B734F3E62BB9}.Release|x64.ActiveCfg = Release|Any CPU
		{2ACEE606-1471-461A-9EFB-B734F3E62BB9}.Release|x64.Build.0 = Release|Any CPU
		{2ACEE606-1471-461A-9EFB-B734F3E62BB9}.Release|x86.ActiveCfg = Release|Any CPU
		{2ACEE606-1471-461A-9EFB-B734F3E62BB9}.Release|x86.Build.0 = Release|Any CPU
		{A34BC58D-C5DF-4C37-A680-1B54190BD4B0}.Debug|Any CPU.ActiveCfg = Debug|Any CPU
		{A34BC58D-C5DF-4C37-A680-1B54190BD4B0}.Debug|Any CPU.Build.0 = Debug|Any CPU
		{A34BC58D-C5DF-4C37-A680-1B54190BD4B0}.Debug|ARM.ActiveCfg = Debug|ARM
		{A34BC58D-C5DF-4C37-A680-1B54190BD4B0}.Debug|ARM.Build.0 = Debug|ARM
		{A34BC58D-C5DF-4C37-A680-1B54190BD4B0}.Debug|x64.ActiveCfg = Debug|Any CPU
		{A34BC58D-C5DF-4C37-A680-1B54190BD4B0}.Debug|x64.Build.0 = Debug|Any CPU
		{A34BC58D-C5DF-4C37-A680-1B54190BD4B0}.Debug|x86.ActiveCfg = Debug|x86
		{A34BC58D-C5DF-4C37-A680-1B54190BD4B0}.Debug|x86.Build.0 = Debug|x86
		{A34BC58D-C5DF-4C37-A680-1B54190BD4B0}.Release|Any CPU.ActiveCfg = Release|Any CPU
		{A34BC58D-C5DF-4C37-A680-1B54190BD4B0}.Release|Any CPU.Build.0 = Release|Any CPU
		{A34BC58D-C5DF-4C37-A680-1B54190BD4B0}.Release|ARM.ActiveCfg = Release|ARM
		{A34BC58D-C5DF-4C37-A680-1B54190BD4B0}.Release|ARM.Build.0 = Release|ARM
		{A34BC58D-C5DF-4C37-A680-1B54190BD4B0}.Release|x64.ActiveCfg = Release|Any CPU
		{A34BC58D-C5DF-4C37-A680-1B54190BD4B0}.Release|x64.Build.0 = Release|Any CPU
		{A34BC58D-C5DF-4C37-A680-1B54190BD4B0}.Release|x86.ActiveCfg = Release|x86
		{A34BC58D-C5DF-4C37-A680-1B54190BD4B0}.Release|x86.Build.0 = Release|x86
		{5A797EA0-5F72-4F15-A01A-3508CAF74F80}.Debug|Any CPU.ActiveCfg = Debug|Any CPU
		{5A797EA0-5F72-4F15-A01A-3508CAF74F80}.Debug|Any CPU.Build.0 = Debug|Any CPU
		{5A797EA0-5F72-4F15-A01A-3508CAF74F80}.Debug|ARM.ActiveCfg = Debug|ARM
		{5A797EA0-5F72-4F15-A01A-3508CAF74F80}.Debug|ARM.Build.0 = Debug|ARM
		{5A797EA0-5F72-4F15-A01A-3508CAF74F80}.Debug|x64.ActiveCfg = Debug|Any CPU
		{5A797EA0-5F72-4F15-A01A-3508CAF74F80}.Debug|x64.Build.0 = Debug|Any CPU
		{5A797EA0-5F72-4F15-A01A-3508CAF74F80}.Debug|x86.ActiveCfg = Debug|x86
		{5A797EA0-5F72-4F15-A01A-3508CAF74F80}.Debug|x86.Build.0 = Debug|x86
		{5A797EA0-5F72-4F15-A01A-3508CAF74F80}.Release|Any CPU.ActiveCfg = Release|Any CPU
		{5A797EA0-5F72-4F15-A01A-3508CAF74F80}.Release|Any CPU.Build.0 = Release|Any CPU
		{5A797EA0-5F72-4F15-A01A-3508CAF74F80}.Release|ARM.ActiveCfg = Release|ARM
		{5A797EA0-5F72-4F15-A01A-3508CAF74F80}.Release|ARM.Build.0 = Release|ARM
		{5A797EA0-5F72-4F15-A01A-3508CAF74F80}.Release|x64.ActiveCfg = Release|Any CPU
		{5A797EA0-5F72-4F15-A01A-3508CAF74F80}.Release|x64.Build.0 = Release|Any CPU
		{5A797EA0-5F72-4F15-A01A-3508CAF74F80}.Release|x86.ActiveCfg = Release|x86
		{5A797EA0-5F72-4F15-A01A-3508CAF74F80}.Release|x86.Build.0 = Release|x86
		{CCA69EEC-779C-4AAC-BFCB-517DB206F5AD}.Debug|Any CPU.ActiveCfg = Debug|Any CPU
		{CCA69EEC-779C-4AAC-BFCB-517DB206F5AD}.Debug|Any CPU.Build.0 = Debug|Any CPU
		{CCA69EEC-779C-4AAC-BFCB-517DB206F5AD}.Debug|ARM.ActiveCfg = Debug|ARM
		{CCA69EEC-779C-4AAC-BFCB-517DB206F5AD}.Debug|ARM.Build.0 = Debug|ARM
		{CCA69EEC-779C-4AAC-BFCB-517DB206F5AD}.Debug|x64.ActiveCfg = Debug|Any CPU
		{CCA69EEC-779C-4AAC-BFCB-517DB206F5AD}.Debug|x64.Build.0 = Debug|Any CPU
		{CCA69EEC-779C-4AAC-BFCB-517DB206F5AD}.Debug|x86.ActiveCfg = Debug|x86
		{CCA69EEC-779C-4AAC-BFCB-517DB206F5AD}.Debug|x86.Build.0 = Debug|x86
		{CCA69EEC-779C-4AAC-BFCB-517DB206F5AD}.Release|Any CPU.ActiveCfg = Release|Any CPU
		{CCA69EEC-779C-4AAC-BFCB-517DB206F5AD}.Release|Any CPU.Build.0 = Release|Any CPU
		{CCA69EEC-779C-4AAC-BFCB-517DB206F5AD}.Release|ARM.ActiveCfg = Release|ARM
		{CCA69EEC-779C-4AAC-BFCB-517DB206F5AD}.Release|ARM.Build.0 = Release|ARM
		{CCA69EEC-779C-4AAC-BFCB-517DB206F5AD}.Release|x64.ActiveCfg = Release|Any CPU
		{CCA69EEC-779C-4AAC-BFCB-517DB206F5AD}.Release|x64.Build.0 = Release|Any CPU
		{CCA69EEC-779C-4AAC-BFCB-517DB206F5AD}.Release|x86.ActiveCfg = Release|x86
		{CCA69EEC-779C-4AAC-BFCB-517DB206F5AD}.Release|x86.Build.0 = Release|x86
		{B3E8EFF0-F433-4D9B-A3FC-AA1B50923A42}.Debug|Any CPU.ActiveCfg = Debug|Any CPU
		{B3E8EFF0-F433-4D9B-A3FC-AA1B50923A42}.Debug|Any CPU.Build.0 = Debug|Any CPU
		{B3E8EFF0-F433-4D9B-A3FC-AA1B50923A42}.Debug|ARM.ActiveCfg = Debug|ARM
		{B3E8EFF0-F433-4D9B-A3FC-AA1B50923A42}.Debug|ARM.Build.0 = Debug|ARM
		{B3E8EFF0-F433-4D9B-A3FC-AA1B50923A42}.Debug|x64.ActiveCfg = Debug|x64
		{B3E8EFF0-F433-4D9B-A3FC-AA1B50923A42}.Debug|x64.Build.0 = Debug|x64
		{B3E8EFF0-F433-4D9B-A3FC-AA1B50923A42}.Debug|x86.ActiveCfg = Debug|x86
		{B3E8EFF0-F433-4D9B-A3FC-AA1B50923A42}.Debug|x86.Build.0 = Debug|x86
		{B3E8EFF0-F433-4D9B-A3FC-AA1B50923A42}.Release|Any CPU.ActiveCfg = Release|Any CPU
		{B3E8EFF0-F433-4D9B-A3FC-AA1B50923A42}.Release|Any CPU.Build.0 = Release|Any CPU
		{B3E8EFF0-F433-4D9B-A3FC-AA1B50923A42}.Release|ARM.ActiveCfg = Release|ARM
		{B3E8EFF0-F433-4D9B-A3FC-AA1B50923A42}.Release|ARM.Build.0 = Release|ARM
		{B3E8EFF0-F433-4D9B-A3FC-AA1B50923A42}.Release|x64.ActiveCfg = Release|x64
		{B3E8EFF0-F433-4D9B-A3FC-AA1B50923A42}.Release|x64.Build.0 = Release|x64
		{B3E8EFF0-F433-4D9B-A3FC-AA1B50923A42}.Release|x86.ActiveCfg = Release|x86
		{B3E8EFF0-F433-4D9B-A3FC-AA1B50923A42}.Release|x86.Build.0 = Release|x86
		{93D21662-E837-423F-8C85-D2A08748822F}.Debug|Any CPU.ActiveCfg = Debug|Any CPU
		{93D21662-E837-423F-8C85-D2A08748822F}.Debug|Any CPU.Build.0 = Debug|Any CPU
		{93D21662-E837-423F-8C85-D2A08748822F}.Debug|ARM.ActiveCfg = Debug|Any CPU
		{93D21662-E837-423F-8C85-D2A08748822F}.Debug|ARM.Build.0 = Debug|Any CPU
		{93D21662-E837-423F-8C85-D2A08748822F}.Debug|x64.ActiveCfg = Debug|Any CPU
		{93D21662-E837-423F-8C85-D2A08748822F}.Debug|x64.Build.0 = Debug|Any CPU
		{93D21662-E837-423F-8C85-D2A08748822F}.Debug|x86.ActiveCfg = Debug|Any CPU
		{93D21662-E837-423F-8C85-D2A08748822F}.Debug|x86.Build.0 = Debug|Any CPU
		{93D21662-E837-423F-8C85-D2A08748822F}.Release|Any CPU.ActiveCfg = Release|Any CPU
		{93D21662-E837-423F-8C85-D2A08748822F}.Release|Any CPU.Build.0 = Release|Any CPU
		{93D21662-E837-423F-8C85-D2A08748822F}.Release|ARM.ActiveCfg = Release|Any CPU
		{93D21662-E837-423F-8C85-D2A08748822F}.Release|ARM.Build.0 = Release|Any CPU
		{93D21662-E837-423F-8C85-D2A08748822F}.Release|x64.ActiveCfg = Release|Any CPU
		{93D21662-E837-423F-8C85-D2A08748822F}.Release|x64.Build.0 = Release|Any CPU
		{93D21662-E837-423F-8C85-D2A08748822F}.Release|x86.ActiveCfg = Release|Any CPU
		{93D21662-E837-423F-8C85-D2A08748822F}.Release|x86.Build.0 = Release|Any CPU
		{80280409-EDA6-46C9-AE70-2DDEEF45626B}.Debug|Any CPU.ActiveCfg = Debug|Any CPU
		{80280409-EDA6-46C9-AE70-2DDEEF45626B}.Debug|Any CPU.Build.0 = Debug|Any CPU
		{80280409-EDA6-46C9-AE70-2DDEEF45626B}.Debug|ARM.ActiveCfg = Debug|Any CPU
		{80280409-EDA6-46C9-AE70-2DDEEF45626B}.Debug|ARM.Build.0 = Debug|Any CPU
		{80280409-EDA6-46C9-AE70-2DDEEF45626B}.Debug|x64.ActiveCfg = Debug|Any CPU
		{80280409-EDA6-46C9-AE70-2DDEEF45626B}.Debug|x64.Build.0 = Debug|Any CPU
		{80280409-EDA6-46C9-AE70-2DDEEF45626B}.Debug|x86.ActiveCfg = Debug|Any CPU
		{80280409-EDA6-46C9-AE70-2DDEEF45626B}.Debug|x86.Build.0 = Debug|Any CPU
		{80280409-EDA6-46C9-AE70-2DDEEF45626B}.Release|Any CPU.ActiveCfg = Release|Any CPU
		{80280409-EDA6-46C9-AE70-2DDEEF45626B}.Release|Any CPU.Build.0 = Release|Any CPU
		{80280409-EDA6-46C9-AE70-2DDEEF45626B}.Release|ARM.ActiveCfg = Release|Any CPU
		{80280409-EDA6-46C9-AE70-2DDEEF45626B}.Release|ARM.Build.0 = Release|Any CPU
		{80280409-EDA6-46C9-AE70-2DDEEF45626B}.Release|x64.ActiveCfg = Release|Any CPU
		{80280409-EDA6-46C9-AE70-2DDEEF45626B}.Release|x64.Build.0 = Release|Any CPU
		{80280409-EDA6-46C9-AE70-2DDEEF45626B}.Release|x86.ActiveCfg = Release|Any CPU
		{80280409-EDA6-46C9-AE70-2DDEEF45626B}.Release|x86.Build.0 = Release|Any CPU
	EndGlobalSection
	GlobalSection(SolutionProperties) = preSolution
		HideSolutionNode = FALSE
	EndGlobalSection
EndGlobal
